<?xml version="1.0" encoding="utf-8"?>
<Project ToolsVersion="4.0" xmlns="http://schemas.microsoft.com/developer/msbuild/2003">
  <ItemGroup>
    <Filter Include="Source Files">
      <UniqueIdentifier>{4FC737F1-C7A5-4376-A066-2A32D752A2FF}</UniqueIdentifier>
      <Extensions>cpp;c;cc;cxx;c++;cppm;ixx;def;odl;idl;hpj;bat;asm;asmx</Extensions>
    </Filter>
    <Filter Include="Header Files">
      <UniqueIdentifier>{93995380-89BD-4b04-88EB-625FBE52EBFB}</UniqueIdentifier>
      <Extensions>h;hh;hpp;hxx;h++;hm;inl;inc;ipp;xsd</Extensions>
    </Filter>
    <Filter Include="Resource Files">
      <UniqueIdentifier>{67DA6AB6-F800-4c08-8B7A-83BB121AAD01}</UniqueIdentifier>
      <Extensions>rc;ico;cur;bmp;dlg;rc2;rct;bin;rgs;gif;jpg;jpeg;jpe;resx;tiff;tif;png;wav;mfcribbon-ms</Extensions>
    </Filter>
  </ItemGroup>
  <ItemGroup>
    <ClCompile Include="..\src\main.cpp">
      <Filter>Source Files</Filter>
    </ClCompile>
    <ClCompile Include="..\src\SkyBox.cpp">
      <Filter>Source Files</Filter>
    </ClCompile>
    <ClCompile Include="..\src\Shader.cpp">
      <Filter>Source Files</Filter>
    </ClCompile>
    <ClCompile Include="..\src\Camera.cpp">
      <Filter>Source Files</Filter>
    </ClCompile>
    <ClCompile Include="..\src\Mesh.cpp">
      <Filter>Source Files</Filter>
    </ClCompile>
    <ClCompile Include="..\src\Model3D.cpp">
      <Filter>Source Files</Filter>
    </ClCompile>
    <ClCompile Include="..\external\stb_image.cpp">
      <Filter>Source Files</Filter>
    </ClCompile>
    <ClCompile Include="..\external\tiny_obj_loader.cpp">
      <Filter>Source Files</Filter>
    </ClCompile>
  </ItemGroup>
  <ItemGroup>
    <ClInclude Include="..\src\SkyBox.hpp">
      <Filter>Header Files</Filter>
    </ClInclude>
    <ClInclude Include="..\src\Shader.hpp">
      <Filter>Header Files</Filter>
    </ClInclude>
    <ClInclude Include="..\src\Camera.hpp">
      <Filter>Header Files</Filter>
    </ClInclude>
    <ClInclude Include="..\src\Mesh.hpp">
      <Filter>Header Files</Filter>
    </ClInclude>
    <ClInclude Include="..\src\Model3D.hpp">
      <Filter>Header Files</Filter>
    </ClInclude>
    <ClInclude Include="..\external\stb_image.h">
      <Filter>Header Files</Filter>
    </ClInclude>
    <ClInclude Include="..\external\tiny_obj_loader.h">
      <Filter>Header Files</Filter>
    </ClInclude>
  </ItemGroup>
  <ItemGroup>
    <Image Include="..\skybox\back.tga" />
    <Image Include="..\skybox\bottom.tga" />
    <Image Include="..\skybox\front.tga" />
    <Image Include="..\skybox\left.tga" />
    <Image Include="..\skybox\right.tga" />
    <Image Include="..\skybox\top.tga" />
    <Image Include="..\skybox\hills2_bk.tga" />
    <Image Include="..\skybox\hills2_dn.tga" />
    <Image Include="..\skybox\hills2_ft.tga" />
    <Image Include="..\skybox\hills2_lf.tga" />
    <Image Include="..\skybox\hills2_rt.tga" />
    <Image Include="..\skybox\hills2_up.tga" />
    <Image Include="..\skybox\nightsky_bk.tga" />
    <Image Include="..\skybox\nightsky_dn.tga" />
    <Image Include="..\skybox\nightsky_ft.tga" />
    <Image Include="..\skybox\nightsky_lf.tga" />
    <Image Include="..\skybox\nightsky_rt.tga" />
    <Image Include="..\skybox\nightsky_up.tga" />
    <Image Include="..\skybox\sunset_bk.tga" />
    <Image Include="..\skybox\sunset_dn.tga" />
    <Image Include="..\skybox\sunset_ft.tga" />
    <Image Include="..\skybox\sunset_lf.tga" />
    <Image Include="..\skybox\sunset_rt.tga" />
    <Image Include="..\skybox\sunset_up.tga" />
    <Image Include="..\skybox\negx.jpg">
      <Filter>Resource Files</Filter>
    </Image>
    <Image Include="..\skybox\negy.jpg">
      <Filter>Resource Files</Filter>
    </Image>
    <Image Include="..\skybox\negz.jpg">
      <Filter>Resource Files</Filter>
    </Image>
    <Image Include="..\skybox\posx.jpg">
      <Filter>Resource Files</Filter>
    </Image>
    <Image Include="..\skybox\posy.jpg">
      <Filter>Resource Files</Filter>
    </Image>
    <Image Include="..\skybox\posz.jpg">
      <Filter>Resource Files</Filter>
    </Image>
    <Image Include="..\skybox\negx_night.jpg">
      <Filter>Resource Files</Filter>
    </Image>
    <Image Include="..\skybox\negy_night.jpg">
      <Filter>Resource Files</Filter>
    </Image>
    <Image Include="..\skybox\negz_night.jpg">
      <Filter>Resource Files</Filter>
    </Image>
    <Image Include="..\skybox\posx_night.jpg">
      <Filter>Resource Files</Filter>
    </Image>
    <Image Include="..\skybox\posy_night.jpg">
      <Filter>Resource Files</Filter>
    </Image>
    <Image Include="..\skybox\posz_night.jpg">
      <Filter>Resource Files</Filter>
    </Image>
    <Image Include="..\skybox\negx_sunset.jpg">
      <Filter>Resource Files</Filter>
    </Image>
    <Image Include="..\skybox\negy_sunset.jpg">
      <Filter>Resource Files</Filter>
    </Image>
    <Image Include="..\skybox\negz_sunset.jpg">
      <Filter>Resource Files</Filter>
    </Image>
    <Image Include="..\skybox\posx_sunset.jpg">
      <Filter>Resource Files</Filter>
    </Image>
    <Image Include="..\skybox\posy_sunset.jpg">
      <Filter>Resource Files</Filter>
    </Image>
    <Image Include="..\skybox\posz_sunset.jpg">
      <Filter>Resource Files</Filter>
    </Image>
  </ItemGroup>
  <ItemGroup>
    <None Include="..\shaders\skyboxShader.frag" />
    <None Include="..\shaders\skyboxShader.vert" />
    <None Include="..\shaders\shaderStart.frag" />
    <None Include="..\shaders\shaderStart.vert" />
    <None Include="..\shaders\rain.frag" />
    <None Include="..\shaders\rain.vert" />
  </ItemGroup>
</Project>